// !$*UTF8*$!
{
	archiveVersion = 1;
	classes = {
	};
	objectVersion = 56;
	objects = {

/* Begin PBXBuildFile section */
		10A154D22A651D6E0037CC39 /* Assets.xcassets in Resources */ = {isa = PBXBuildFile; fileRef = 10BC90EB2A580A74003B304C /* Assets.xcassets */; };
		10AAA0E42A583BED005BE1DF /* SuperHero.swift in Sources */ = {isa = PBXBuildFile; fileRef = 10AAA0E32A583BED005BE1DF /* SuperHero.swift */; };
		10AAA0E62A584710005BE1DF /* CircularImageView.swift in Sources */ = {isa = PBXBuildFile; fileRef = 10AAA0E52A584710005BE1DF /* CircularImageView.swift */; };
		10AAA0E82A58493B005BE1DF /* HeroView.swift in Sources */ = {isa = PBXBuildFile; fileRef = 10AAA0E72A58493B005BE1DF /* HeroView.swift */; };
		10BC90E82A580A72003B304C /* HeroWidgetApp.swift in Sources */ = {isa = PBXBuildFile; fileRef = 10BC90E72A580A72003B304C /* HeroWidgetApp.swift */; };
		10BC90EA2A580A72003B304C /* ContentView.swift in Sources */ = {isa = PBXBuildFile; fileRef = 10BC90E92A580A72003B304C /* ContentView.swift */; };
		10BC90EC2A580A74003B304C /* Assets.xcassets in Resources */ = {isa = PBXBuildFile; fileRef = 10BC90EB2A580A74003B304C /* Assets.xcassets */; };
		10BC90EF2A580A74003B304C /* Preview Assets.xcassets in Resources */ = {isa = PBXBuildFile; fileRef = 10BC90EE2A580A74003B304C /* Preview Assets.xcassets */; };
		10DF79D12A65182B00EEFD7A /* WidgetKit.framework in Frameworks */ = {isa = PBXBuildFile; fileRef = 10DF79D02A65182B00EEFD7A /* WidgetKit.framework */; };
		10DF79D32A65182B00EEFD7A /* SwiftUI.framework in Frameworks */ = {isa = PBXBuildFile; fileRef = 10DF79D22A65182B00EEFD7A /* SwiftUI.framework */; };
		10DF79D62A65182B00EEFD7A /* WidgetHeroBundle.swift in Sources */ = {isa = PBXBuildFile; fileRef = 10DF79D52A65182B00EEFD7A /* WidgetHeroBundle.swift */; };
		10DF79D82A65182B00EEFD7A /* WidgetHeroLiveActivity.swift in Sources */ = {isa = PBXBuildFile; fileRef = 10DF79D72A65182B00EEFD7A /* WidgetHeroLiveActivity.swift */; };
		10DF79DA2A65182B00EEFD7A /* WidgetHero.swift in Sources */ = {isa = PBXBuildFile; fileRef = 10DF79D92A65182B00EEFD7A /* WidgetHero.swift */; };
		10DF79DD2A65182C00EEFD7A /* Assets.xcassets in Resources */ = {isa = PBXBuildFile; fileRef = 10DF79DC2A65182C00EEFD7A /* Assets.xcassets */; };
		10DF79DF2A65182C00EEFD7A /* WidgetHero.intentdefinition in Sources */ = {isa = PBXBuildFile; fileRef = 10DF79DB2A65182B00EEFD7A /* WidgetHero.intentdefinition */; };
		10DF79E02A65182C00EEFD7A /* WidgetHero.intentdefinition in Sources */ = {isa = PBXBuildFile; fileRef = 10DF79DB2A65182B00EEFD7A /* WidgetHero.intentdefinition */; };
		10DF79E32A65182C00EEFD7A /* WidgetHeroExtension.appex in Embed Foundation Extensions */ = {isa = PBXBuildFile; fileRef = 10DF79CE2A65182B00EEFD7A /* WidgetHeroExtension.appex */; settings = {ATTRIBUTES = (RemoveHeadersOnCopy, ); }; };
		10DF79E82A65186F00EEFD7A /* HeroView.swift in Sources */ = {isa = PBXBuildFile; fileRef = 10AAA0E72A58493B005BE1DF /* HeroView.swift */; };
		10DF79E92A65187300EEFD7A /* SuperHero.swift in Sources */ = {isa = PBXBuildFile; fileRef = 10AAA0E32A583BED005BE1DF /* SuperHero.swift */; };
		10DF79EA2A65187600EEFD7A /* CircularImageView.swift in Sources */ = {isa = PBXBuildFile; fileRef = 10AAA0E52A584710005BE1DF /* CircularImageView.swift */; };
/* End PBXBuildFile section */

/* Begin PBXContainerItemProxy section */
		10DF79E12A65182C00EEFD7A /* PBXContainerItemProxy */ = {
			isa = PBXContainerItemProxy;
			containerPortal = 10BC90DC2A580A72003B304C /* Project object */;
			proxyType = 1;
			remoteGlobalIDString = 10DF79CD2A65182B00EEFD7A;
			remoteInfo = WidgetHeroExtension;
		};
/* End PBXContainerItemProxy section */

/* Begin PBXCopyFilesBuildPhase section */
		10DF79E72A65182C00EEFD7A /* Embed Foundation Extensions */ = {
			isa = PBXCopyFilesBuildPhase;
			buildActionMask = 2147483647;
			dstPath = "";
			dstSubfolderSpec = 13;
			files = (
				10DF79E32A65182C00EEFD7A /* WidgetHeroExtension.appex in Embed Foundation Extensions */,
			);
			name = "Embed Foundation Extensions";
			runOnlyForDeploymentPostprocessing = 0;
		};
/* End PBXCopyFilesBuildPhase section */

/* Begin PBXFileReference section */
		10A154D32A6522660037CC39 /* WidgetHeroExtension.entitlements */ = {isa = PBXFileReference; lastKnownFileType = text.plist.entitlements; path = WidgetHeroExtension.entitlements; sourceTree = "<group>"; };
		10AAA0E32A583BED005BE1DF /* SuperHero.swift */ = {isa = PBXFileReference; lastKnownFileType = sourcecode.swift; path = SuperHero.swift; sourceTree = "<group>"; };
		10AAA0E52A584710005BE1DF /* CircularImageView.swift */ = {isa = PBXFileReference; lastKnownFileType = sourcecode.swift; path = CircularImageView.swift; sourceTree = "<group>"; };
		10AAA0E72A58493B005BE1DF /* HeroView.swift */ = {isa = PBXFileReference; lastKnownFileType = sourcecode.swift; path = HeroView.swift; sourceTree = "<group>"; };
		10BC90E42A580A72003B304C /* HeroWidget.app */ = {isa = PBXFileReference; explicitFileType = wrapper.application; includeInIndex = 0; path = HeroWidget.app; sourceTree = BUILT_PRODUCTS_DIR; };
		10BC90E72A580A72003B304C /* HeroWidgetApp.swift */ = {isa = PBXFileReference; lastKnownFileType = sourcecode.swift; path = HeroWidgetApp.swift; sourceTree = "<group>"; };
		10BC90E92A580A72003B304C /* ContentView.swift */ = {isa = PBXFileReference; lastKnownFileType = sourcecode.swift; path = ContentView.swift; sourceTree = "<group>"; };
		10BC90EB2A580A74003B304C /* Assets.xcassets */ = {isa = PBXFileReference; lastKnownFileType = folder.assetcatalog; path = Assets.xcassets; sourceTree = "<group>"; };
		10BC90EE2A580A74003B304C /* Preview Assets.xcassets */ = {isa = PBXFileReference; lastKnownFileType = folder.assetcatalog; path = "Preview Assets.xcassets"; sourceTree = "<group>"; };
		10DF79C92A65148B00EEFD7A /* HeroWidget.entitlements */ = {isa = PBXFileReference; lastKnownFileType = text.plist.entitlements; path = HeroWidget.entitlements; sourceTree = "<group>"; };
		10DF79CE2A65182B00EEFD7A /* WidgetHeroExtension.appex */ = {isa = PBXFileReference; explicitFileType = "wrapper.app-extension"; includeInIndex = 0; path = WidgetHeroExtension.appex; sourceTree = BUILT_PRODUCTS_DIR; };
		10DF79D02A65182B00EEFD7A /* WidgetKit.framework */ = {isa = PBXFileReference; lastKnownFileType = wrapper.framework; name = WidgetKit.framework; path = System/Library/Frameworks/WidgetKit.framework; sourceTree = SDKROOT; };
		10DF79D22A65182B00EEFD7A /* SwiftUI.framework */ = {isa = PBXFileReference; lastKnownFileType = wrapper.framework; name = SwiftUI.framework; path = System/Library/Frameworks/SwiftUI.framework; sourceTree = SDKROOT; };
		10DF79D52A65182B00EEFD7A /* WidgetHeroBundle.swift */ = {isa = PBXFileReference; lastKnownFileType = sourcecode.swift; path = WidgetHeroBundle.swift; sourceTree = "<group>"; };
		10DF79D72A65182B00EEFD7A /* WidgetHeroLiveActivity.swift */ = {isa = PBXFileReference; lastKnownFileType = sourcecode.swift; path = WidgetHeroLiveActivity.swift; sourceTree = "<group>"; };
		10DF79D92A65182B00EEFD7A /* WidgetHero.swift */ = {isa = PBXFileReference; lastKnownFileType = sourcecode.swift; path = WidgetHero.swift; sourceTree = "<group>"; };
		10DF79DB2A65182B00EEFD7A /* WidgetHero.intentdefinition */ = {isa = PBXFileReference; lastKnownFileType = file.intentdefinition; path = WidgetHero.intentdefinition; sourceTree = "<group>"; };
		10DF79DC2A65182C00EEFD7A /* Assets.xcassets */ = {isa = PBXFileReference; lastKnownFileType = folder.assetcatalog; path = Assets.xcassets; sourceTree = "<group>"; };
		10DF79DE2A65182C00EEFD7A /* Info.plist */ = {isa = PBXFileReference; lastKnownFileType = text.plist.xml; path = Info.plist; sourceTree = "<group>"; };
/* End PBXFileReference section */

/* Begin PBXFrameworksBuildPhase section */
		10BC90E12A580A72003B304C /* Frameworks */ = {
			isa = PBXFrameworksBuildPhase;
			buildActionMask = 2147483647;
			files = (
			);
			runOnlyForDeploymentPostprocessing = 0;
		};
		10DF79CB2A65182B00EEFD7A /* Frameworks */ = {
			isa = PBXFrameworksBuildPhase;
			buildActionMask = 2147483647;
			files = (
				10DF79D32A65182B00EEFD7A /* SwiftUI.framework in Frameworks */,
				10DF79D12A65182B00EEFD7A /* WidgetKit.framework in Frameworks */,
			);
			runOnlyForDeploymentPostprocessing = 0;
		};
/* End PBXFrameworksBuildPhase section */

/* Begin PBXGroup section */
		10BC90DB2A580A72003B304C = {
			isa = PBXGroup;
			children = (
				10A154D32A6522660037CC39 /* WidgetHeroExtension.entitlements */,
				10BC90E62A580A72003B304C /* HeroWidget */,
				10DF79D42A65182B00EEFD7A /* WidgetHero */,
				10DF79CF2A65182B00EEFD7A /* Frameworks */,
				10BC90E52A580A72003B304C /* Products */,
			);
			sourceTree = "<group>";
		};
		10BC90E52A580A72003B304C /* Products */ = {
			isa = PBXGroup;
			children = (
				10BC90E42A580A72003B304C /* HeroWidget.app */,
				10DF79CE2A65182B00EEFD7A /* WidgetHeroExtension.appex */,
			);
			name = Products;
			sourceTree = "<group>";
		};
		10BC90E62A580A72003B304C /* HeroWidget */ = {
			isa = PBXGroup;
			children = (
				10DF79C92A65148B00EEFD7A /* HeroWidget.entitlements */,
				10BC90E72A580A72003B304C /* HeroWidgetApp.swift */,
				10BC90E92A580A72003B304C /* ContentView.swift */,
				10BC90EB2A580A74003B304C /* Assets.xcassets */,
				10BC90ED2A580A74003B304C /* Preview Content */,
				10AAA0E32A583BED005BE1DF /* SuperHero.swift */,
				10AAA0E52A584710005BE1DF /* CircularImageView.swift */,
				10AAA0E72A58493B005BE1DF /* HeroView.swift */,
			);
			path = HeroWidget;
			sourceTree = "<group>";
		};
		10BC90ED2A580A74003B304C /* Preview Content */ = {
			isa = PBXGroup;
			children = (
				10BC90EE2A580A74003B304C /* Preview Assets.xcassets */,
			);
			path = "Preview Content";
			sourceTree = "<group>";
		};
		10DF79CF2A65182B00EEFD7A /* Frameworks */ = {
			isa = PBXGroup;
			children = (
				10DF79D02A65182B00EEFD7A /* WidgetKit.framework */,
				10DF79D22A65182B00EEFD7A /* SwiftUI.framework */,
			);
			name = Frameworks;
			sourceTree = "<group>";
		};
		10DF79D42A65182B00EEFD7A /* WidgetHero */ = {
			isa = PBXGroup;
			children = (
				10DF79D52A65182B00EEFD7A /* WidgetHeroBundle.swift */,
				10DF79D72A65182B00EEFD7A /* WidgetHeroLiveActivity.swift */,
				10DF79D92A65182B00EEFD7A /* WidgetHero.swift */,
				10DF79DB2A65182B00EEFD7A /* WidgetHero.intentdefinition */,
				10DF79DC2A65182C00EEFD7A /* Assets.xcassets */,
				10DF79DE2A65182C00EEFD7A /* Info.plist */,
			);
			path = WidgetHero;
			sourceTree = "<group>";
		};
/* End PBXGroup section */

/* Begin PBXNativeTarget section */
		10BC90E32A580A72003B304C /* HeroWidget */ = {
			isa = PBXNativeTarget;
			buildConfigurationList = 10BC90F22A580A74003B304C /* Build configuration list for PBXNativeTarget "HeroWidget" */;
			buildPhases = (
				10BC90E02A580A72003B304C /* Sources */,
				10BC90E12A580A72003B304C /* Frameworks */,
				10BC90E22A580A72003B304C /* Resources */,
				10DF79E72A65182C00EEFD7A /* Embed Foundation Extensions */,
			);
			buildRules = (
			);
			dependencies = (
				10DF79E22A65182C00EEFD7A /* PBXTargetDependency */,
			);
			name = HeroWidget;
			productName = HeroWidget;
			productReference = 10BC90E42A580A72003B304C /* HeroWidget.app */;
			productType = "com.apple.product-type.application";
		};
		10DF79CD2A65182B00EEFD7A /* WidgetHeroExtension */ = {
			isa = PBXNativeTarget;
			buildConfigurationList = 10DF79E42A65182C00EEFD7A /* Build configuration list for PBXNativeTarget "WidgetHeroExtension" */;
			buildPhases = (
				10DF79CA2A65182B00EEFD7A /* Sources */,
				10DF79CB2A65182B00EEFD7A /* Frameworks */,
				10DF79CC2A65182B00EEFD7A /* Resources */,
			);
			buildRules = (
			);
			dependencies = (
			);
			name = WidgetHeroExtension;
			productName = WidgetHeroExtension;
			productReference = 10DF79CE2A65182B00EEFD7A /* WidgetHeroExtension.appex */;
			productType = "com.apple.product-type.app-extension";
		};
/* End PBXNativeTarget section */

/* Begin PBXProject section */
		10BC90DC2A580A72003B304C /* Project object */ = {
			isa = PBXProject;
			attributes = {
				BuildIndependentTargetsInParallel = 1;
				LastSwiftUpdateCheck = 1420;
				LastUpgradeCheck = 1420;
				TargetAttributes = {
					10BC90E32A580A72003B304C = {
						CreatedOnToolsVersion = 14.2;
					};
					10DF79CD2A65182B00EEFD7A = {
						CreatedOnToolsVersion = 14.2;
					};
				};
			};
			buildConfigurationList = 10BC90DF2A580A72003B304C /* Build configuration list for PBXProject "HeroWidget" */;
			compatibilityVersion = "Xcode 14.0";
			developmentRegion = en;
			hasScannedForEncodings = 0;
			knownRegions = (
				en,
				Base,
			);
			mainGroup = 10BC90DB2A580A72003B304C;
			productRefGroup = 10BC90E52A580A72003B304C /* Products */;
			projectDirPath = "";
			projectRoot = "";
			targets = (
				10BC90E32A580A72003B304C /* HeroWidget */,
				10DF79CD2A65182B00EEFD7A /* WidgetHeroExtension */,
			);
		};
/* End PBXProject section */

/* Begin PBXResourcesBuildPhase section */
		10BC90E22A580A72003B304C /* Resources */ = {
			isa = PBXResourcesBuildPhase;
			buildActionMask = 2147483647;
			files = (
				10BC90EF2A580A74003B304C /* Preview Assets.xcassets in Resources */,
				10BC90EC2A580A74003B304C /* Assets.xcassets in Resources */,
			);
			runOnlyForDeploymentPostprocessing = 0;
		};
		10DF79CC2A65182B00EEFD7A /* Resources */ = {
			isa = PBXResourcesBuildPhase;
			buildActionMask = 2147483647;
			files = (
				10A154D22A651D6E0037CC39 /* Assets.xcassets in Resources */,
				10DF79DD2A65182C00EEFD7A /* Assets.xcassets in Resources */,
			);
			runOnlyForDeploymentPostprocessing = 0;
		};
/* End PBXResourcesBuildPhase section */

/* Begin PBXSourcesBuildPhase section */
		10BC90E02A580A72003B304C /* Sources */ = {
			isa = PBXSourcesBuildPhase;
			buildActionMask = 2147483647;
			files = (
				10BC90EA2A580A72003B304C /* ContentView.swift in Sources */,
				10AAA0E62A584710005BE1DF /* CircularImageView.swift in Sources */,
				10DF79E02A65182C00EEFD7A /* WidgetHero.intentdefinition in Sources */,
				10BC90E82A580A72003B304C /* HeroWidgetApp.swift in Sources */,
				10AAA0E42A583BED005BE1DF /* SuperHero.swift in Sources */,
				10AAA0E82A58493B005BE1DF /* HeroView.swift in Sources */,
			);
			runOnlyForDeploymentPostprocessing = 0;
		};
		10DF79CA2A65182B00EEFD7A /* Sources */ = {
			isa = PBXSourcesBuildPhase;
			buildActionMask = 2147483647;
			files = (
				10DF79DA2A65182B00EEFD7A /* WidgetHero.swift in Sources */,
				10DF79D82A65182B00EEFD7A /* WidgetHeroLiveActivity.swift in Sources */,
				10DF79EA2A65187600EEFD7A /* CircularImageView.swift in Sources */,
				10DF79DF2A65182C00EEFD7A /* WidgetHero.intentdefinition in Sources */,
				10DF79D62A65182B00EEFD7A /* WidgetHeroBundle.swift in Sources */,
				10DF79E82A65186F00EEFD7A /* HeroView.swift in Sources */,
				10DF79E92A65187300EEFD7A /* SuperHero.swift in Sources */,
			);
			runOnlyForDeploymentPostprocessing = 0;
		};
/* End PBXSourcesBuildPhase section */

/* Begin PBXTargetDependency section */
		10DF79E22A65182C00EEFD7A /* PBXTargetDependency */ = {
			isa = PBXTargetDependency;
			target = 10DF79CD2A65182B00EEFD7A /* WidgetHeroExtension */;
			targetProxy = 10DF79E12A65182C00EEFD7A /* PBXContainerItemProxy */;
		};
/* End PBXTargetDependency section */

/* Begin XCBuildConfiguration section */
		10BC90F02A580A74003B304C /* Debug */ = {
			isa = XCBuildConfiguration;
			buildSettings = {
				ALWAYS_SEARCH_USER_PATHS = NO;
				CLANG_ANALYZER_NONNULL = YES;
				CLANG_ANALYZER_NUMBER_OBJECT_CONVERSION = YES_AGGRESSIVE;
				CLANG_CXX_LANGUAGE_STANDARD = "gnu++20";
				CLANG_ENABLE_MODULES = YES;
				CLANG_ENABLE_OBJC_ARC = YES;
				CLANG_ENABLE_OBJC_WEAK = YES;
				CLANG_WARN_BLOCK_CAPTURE_AUTORELEASING = YES;
				CLANG_WARN_BOOL_CONVERSION = YES;
				CLANG_WARN_COMMA = YES;
				CLANG_WARN_CONSTANT_CONVERSION = YES;
				CLANG_WARN_DEPRECATED_OBJC_IMPLEMENTATIONS = YES;
				CLANG_WARN_DIRECT_OBJC_ISA_USAGE = YES_ERROR;
				CLANG_WARN_DOCUMENTATION_COMMENTS = YES;
				CLANG_WARN_EMPTY_BODY = YES;
				CLANG_WARN_ENUM_CONVERSION = YES;
				CLANG_WARN_INFINITE_RECURSION = YES;
				CLANG_WARN_INT_CONVERSION = YES;
				CLANG_WARN_NON_LITERAL_NULL_CONVERSION = YES;
				CLANG_WARN_OBJC_IMPLICIT_RETAIN_SELF = YES;
				CLANG_WARN_OBJC_LITERAL_CONVERSION = YES;
				CLANG_WARN_OBJC_ROOT_CLASS = YES_ERROR;
				CLANG_WARN_QUOTED_INCLUDE_IN_FRAMEWORK_HEADER = YES;
				CLANG_WARN_RANGE_LOOP_ANALYSIS = YES;
				CLANG_WARN_STRICT_PROTOTYPES = YES;
				CLANG_WARN_SUSPICIOUS_MOVE = YES;
				CLANG_WARN_UNGUARDED_AVAILABILITY = YES_AGGRESSIVE;
				CLANG_WARN_UNREACHABLE_CODE = YES;
				CLANG_WARN__DUPLICATE_METHOD_MATCH = YES;
				COPY_PHASE_STRIP = NO;
				DEBUG_INFORMATION_FORMAT = dwarf;
				ENABLE_STRICT_OBJC_MSGSEND = YES;
				ENABLE_TESTABILITY = YES;
				GCC_C_LANGUAGE_STANDARD = gnu11;
				GCC_DYNAMIC_NO_PIC = NO;
				GCC_NO_COMMON_BLOCKS = YES;
				GCC_OPTIMIZATION_LEVEL = 0;
				GCC_PREPROCESSOR_DEFINITIONS = (
					"DEBUG=1",
					"$(inherited)",
				);
				GCC_WARN_64_TO_32_BIT_CONVERSION = YES;
				GCC_WARN_ABOUT_RETURN_TYPE = YES_ERROR;
				GCC_WARN_UNDECLARED_SELECTOR = YES;
				GCC_WARN_UNINITIALIZED_AUTOS = YES_AGGRESSIVE;
				GCC_WARN_UNUSED_FUNCTION = YES;
				GCC_WARN_UNUSED_VARIABLE = YES;
				IPHONEOS_DEPLOYMENT_TARGET = 16.2;
				MTL_ENABLE_DEBUG_INFO = INCLUDE_SOURCE;
				MTL_FAST_MATH = YES;
				ONLY_ACTIVE_ARCH = YES;
				SDKROOT = iphoneos;
				SWIFT_ACTIVE_COMPILATION_CONDITIONS = DEBUG;
				SWIFT_OPTIMIZATION_LEVEL = "-Onone";
			};
			name = Debug;
		};
		10BC90F12A580A74003B304C /* Release */ = {
			isa = XCBuildConfiguration;
			buildSettings = {
				ALWAYS_SEARCH_USER_PATHS = NO;
				CLANG_ANALYZER_NONNULL = YES;
				CLANG_ANALYZER_NUMBER_OBJECT_CONVERSION = YES_AGGRESSIVE;
				CLANG_CXX_LANGUAGE_STANDARD = "gnu++20";
				CLANG_ENABLE_MODULES = YES;
				CLANG_ENABLE_OBJC_ARC = YES;
				CLANG_ENABLE_OBJC_WEAK = YES;
				CLANG_WARN_BLOCK_CAPTURE_AUTORELEASING = YES;
				CLANG_WARN_BOOL_CONVERSION = YES;
				CLANG_WARN_COMMA = YES;
				CLANG_WARN_CONSTANT_CONVERSION = YES;
				CLANG_WARN_DEPRECATED_OBJC_IMPLEMENTATIONS = YES;
				CLANG_WARN_DIRECT_OBJC_ISA_USAGE = YES_ERROR;
				CLANG_WARN_DOCUMENTATION_COMMENTS = YES;
				CLANG_WARN_EMPTY_BODY = YES;
				CLANG_WARN_ENUM_CONVERSION = YES;
				CLANG_WARN_INFINITE_RECURSION = YES;
				CLANG_WARN_INT_CONVERSION = YES;
				CLANG_WARN_NON_LITERAL_NULL_CONVERSION = YES;
				CLANG_WARN_OBJC_IMPLICIT_RETAIN_SELF = YES;
				CLANG_WARN_OBJC_LITERAL_CONVERSION = YES;
				CLANG_WARN_OBJC_ROOT_CLASS = YES_ERROR;
				CLANG_WARN_QUOTED_INCLUDE_IN_FRAMEWORK_HEADER = YES;
				CLANG_WARN_RANGE_LOOP_ANALYSIS = YES;
				CLANG_WARN_STRICT_PROTOTYPES = YES;
				CLANG_WARN_SUSPICIOUS_MOVE = YES;
				CLANG_WARN_UNGUARDED_AVAILABILITY = YES_AGGRESSIVE;
				CLANG_WARN_UNREACHABLE_CODE = YES;
				CLANG_WARN__DUPLICATE_METHOD_MATCH = YES;
				COPY_PHASE_STRIP = NO;
				DEBUG_INFORMATION_FORMAT = "dwarf-with-dsym";
				ENABLE_NS_ASSERTIONS = NO;
				ENABLE_STRICT_OBJC_MSGSEND = YES;
				GCC_C_LANGUAGE_STANDARD = gnu11;
				GCC_NO_COMMON_BLOCKS = YES;
				GCC_WARN_64_TO_32_BIT_CONVERSION = YES;
				GCC_WARN_ABOUT_RETURN_TYPE = YES_ERROR;
				GCC_WARN_UNDECLARED_SELECTOR = YES;
				GCC_WARN_UNINITIALIZED_AUTOS = YES_AGGRESSIVE;
				GCC_WARN_UNUSED_FUNCTION = YES;
				GCC_WARN_UNUSED_VARIABLE = YES;
				IPHONEOS_DEPLOYMENT_TARGET = 16.2;
				MTL_ENABLE_DEBUG_INFO = NO;
				MTL_FAST_MATH = YES;
				SDKROOT = iphoneos;
				SWIFT_COMPILATION_MODE = wholemodule;
				SWIFT_OPTIMIZATION_LEVEL = "-O";
				VALIDATE_PRODUCT = YES;
			};
			name = Release;
		};
		10BC90F32A580A74003B304C /* Debug */ = {
			isa = XCBuildConfiguration;
			buildSettings = {
				ALWAYS_EMBED_SWIFT_STANDARD_LIBRARIES = YES;
				ASSETCATALOG_COMPILER_APPICON_NAME = AppIcon;
				ASSETCATALOG_COMPILER_GLOBAL_ACCENT_COLOR_NAME = AccentColor;
				CODE_SIGN_ENTITLEMENTS = HeroWidget/HeroWidget.entitlements;
				CODE_SIGN_STYLE = Automatic;
				CURRENT_PROJECT_VERSION = 1;
				DEVELOPMENT_ASSET_PATHS = "\"HeroWidget/Preview Content\"";
				DEVELOPMENT_TEAM = 9ZBB7384W6;
				ENABLE_PREVIEWS = YES;
				GENERATE_INFOPLIST_FILE = YES;
				INFOPLIST_KEY_UIApplicationSceneManifest_Generation = YES;
				INFOPLIST_KEY_UIApplicationSupportsIndirectInputEvents = YES;
				INFOPLIST_KEY_UILaunchScreen_Generation = YES;
				INFOPLIST_KEY_UISupportedInterfaceOrientations_iPad = "UIInterfaceOrientationPortrait UIInterfaceOrientationPortraitUpsideDown UIInterfaceOrientationLandscapeLeft UIInterfaceOrientationLandscapeRight";
				INFOPLIST_KEY_UISupportedInterfaceOrientations_iPhone = "UIInterfaceOrientationPortrait UIInterfaceOrientationLandscapeLeft UIInterfaceOrientationLandscapeRight";
				LD_RUNPATH_SEARCH_PATHS = (
					"$(inherited)",
					"@executable_path/Frameworks",
				);
				MARKETING_VERSION = 1.0;
				PRODUCT_BUNDLE_IDENTIFIER = tr.ibb.gov.HeroWidget;
				PRODUCT_NAME = "$(TARGET_NAME)";
				SWIFT_EMIT_LOC_STRINGS = YES;
				SWIFT_VERSION = 5.0;
				TARGETED_DEVICE_FAMILY = "1,2";
			};
			name = Debug;
		};
		10BC90F42A580A74003B304C /* Release */ = {
			isa = XCBuildConfiguration;
			buildSettings = {
				ALWAYS_EMBED_SWIFT_STANDARD_LIBRARIES = YES;
				ASSETCATALOG_COMPILER_APPICON_NAME = AppIcon;
				ASSETCATALOG_COMPILER_GLOBAL_ACCENT_COLOR_NAME = AccentColor;
				CODE_SIGN_ENTITLEMENTS = HeroWidget/HeroWidget.entitlements;
				CODE_SIGN_STYLE = Automatic;
				CURRENT_PROJECT_VERSION = 1;
				DEVELOPMENT_ASSET_PATHS = "\"HeroWidget/Preview Content\"";
				DEVELOPMENT_TEAM = 9ZBB7384W6;
				ENABLE_PREVIEWS = YES;
				GENERATE_INFOPLIST_FILE = YES;
				INFOPLIST_KEY_UIApplicationSceneManifest_Generation = YES;
				INFOPLIST_KEY_UIApplicationSupportsIndirectInputEvents = YES;
				INFOPLIST_KEY_UILaunchScreen_Generation = YES;
				INFOPLIST_KEY_UISupportedInterfaceOrientations_iPad = "UIInterfaceOrientationPortrait UIInterfaceOrientationPortraitUpsideDown UIInterfaceOrientationLandscapeLeft UIInterfaceOrientationLandscapeRight";
				INFOPLIST_KEY_UISupportedInterfaceOrientations_iPhone = "UIInterfaceOrientationPortrait UIInterfaceOrientationLandscapeLeft UIInterfaceOrientationLandscapeRight";
				LD_RUNPATH_SEARCH_PATHS = (
					"$(inherited)",
					"@executable_path/Frameworks",
				);
				MARKETING_VERSION = 1.0;
				PRODUCT_BUNDLE_IDENTIFIER = tr.ibb.gov.HeroWidget;
				PRODUCT_NAME = "$(TARGET_NAME)";
				SWIFT_EMIT_LOC_STRINGS = YES;
				SWIFT_VERSION = 5.0;
				TARGETED_DEVICE_FAMILY = "1,2";
			};
			name = Release;
		};
		10DF79E52A65182C00EEFD7A /* Debug */ = {
			isa = XCBuildConfiguration;
			buildSettings = {
				ASSETCATALOG_COMPILER_GLOBAL_ACCENT_COLOR_NAME = AccentColor;
				ASSETCATALOG_COMPILER_WIDGET_BACKGROUND_COLOR_NAME = WidgetBackground;
				CODE_SIGN_ENTITLEMENTS = WidgetHeroExtension.entitlements;
				CODE_SIGN_STYLE = Automatic;
				CURRENT_PROJECT_VERSION = 1;
				DEVELOPMENT_TEAM = 9ZBB7384W6;
				GENERATE_INFOPLIST_FILE = YES;
				INFOPLIST_FILE = WidgetHero/Info.plist;
				INFOPLIST_KEY_CFBundleDisplayName = WidgetHero;
				INFOPLIST_KEY_NSHumanReadableCopyright = "";
				LD_RUNPATH_SEARCH_PATHS = (
					"$(inherited)",
					"@executable_path/Frameworks",
					"@executable_path/../../Frameworks",
				);
				MARKETING_VERSION = 1.0;
				PRODUCT_BUNDLE_IDENTIFIER = tr.ibb.gov.HeroWidget.WidgetHero;
				PRODUCT_NAME = "$(TARGET_NAME)";
				SKIP_INSTALL = YES;
				SWIFT_EMIT_LOC_STRINGS = YES;
				SWIFT_VERSION = 5.0;
				TARGETED_DEVICE_FAMILY = "1,2";
			};
			name = Debug;
		};
		10DF79E62A65182C00EEFD7A /* Release */ = {
			isa = XCBuildConfiguration;
			buildSettings = {
				ASSETCATALOG_COMPILER_GLOBAL_ACCENT_COLOR_NAME = AccentColor;
				ASSETCATALOG_COMPILER_WIDGET_BACKGROUND_COLOR_NAME = WidgetBackground;
				CODE_SIGN_ENTITLEMENTS = WidgetHeroExtension.entitlements;
				CODE_SIGN_STYLE = Automatic;
				CURRENT_PROJECT_VERSION = 1;
				DEVELOPMENT_TEAM = 9ZBB7384W6;
				GENERATE_INFOPLIST_FILE = YES;
				INFOPLIST_FILE = WidgetHero/Info.plist;
				INFOPLIST_KEY_CFBundleDisplayName = WidgetHero;
				INFOPLIST_KEY_NSHumanReadableCopyright = "";
				LD_RUNPATH_SEARCH_PATHS = (
					"$(inherited)",
					"@executable_path/Frameworks",
					"@executable_path/../../Frameworks",
				);
				MARKETING_VERSION = 1.0;
				PRODUCT_BUNDLE_IDENTIFIER = tr.ibb.gov.HeroWidget.WidgetHero;
				PRODUCT_NAME = "$(TARGET_NAME)";
				SKIP_INSTALL = YES;
				SWIFT_EMIT_LOC_STRINGS = YES;
				SWIFT_VERSION = 5.0;
				TARGETED_DEVICE_FAMILY = "1,2";
			};
			name = Release;
		};
/* End XCBuildConfiguration section */

/* Begin XCConfigurationList section */
		10BC90DF2A580A72003B304C /* Build configuration list for PBXProject "HeroWidget" */ = {
			isa = XCConfigurationList;
			buildConfigurations = (
				10BC90F02A580A74003B304C /* Debug */,
				10BC90F12A580A74003B304C /* Release */,
			);
			defaultConfigurationIsVisible = 0;
			defaultConfigurationName = Release;
		};
		10BC90F22A580A74003B304C /* Build configuration list for PBXNativeTarget "HeroWidget" */ = {
			isa = XCConfigurationList;
			buildConfigurations = (
				10BC90F32A580A74003B304C /* Debug */,
				10BC90F42A580A74003B304C /* Release */,
			);
			defaultConfigurationIsVisible = 0;
			defaultConfigurationName = Release;
		};
		10DF79E42A65182C00EEFD7A /* Build configuration list for PBXNativeTarget "WidgetHeroExtension" */ = {
			isa = XCConfigurationList;
			buildConfigurations = (
				10DF79E52A65182C00EEFD7A /* Debug */,
				10DF79E62A65182C00EEFD7A /* Release */,
			);
			defaultConfigurationIsVisible = 0;
			defaultConfigurationName = Release;
		};
/* End XCConfigurationList section */
	};
	rootObject = 10BC90DC2A580A72003B304C /* Project object */;
}
